{
  "name": "multiple-tabs-but-one-ball",
  "lockfileVersion": 3,
  "requires": true,
  "packages": {
    "": {
      "dependencies": {
        "across-tabs": "^1.4.0"
      }
    },
    "node_modules/across-tabs": {
      "version": "1.4.0",
      "resolved": "https://registry.npmjs.org/across-tabs/-/across-tabs-1.4.0.tgz",
      "integrity": "sha512-rg0s3wIRcxXZnLNYurMUZQuXLVtwtjb8sSfRuqX3EyPcEjG4leEyZUyATa6qVwXpM+QJwdKS7StUr1DbGgy1QA==",
      "license": "MIT",
      "engines": {
        "node": ">= 6.10.0"
      }
    }
  }
}
